// !$*UTF8*$!
{
	archiveVersion = 1;
	classes = {
	};
	objectVersion = 55;
	objects = {

/* Begin PBXBuildFile section */
		E10CE9C428F4D0F7005E5626 /* AppDelegate.swift in Sources */ = {isa = PBXBuildFile; fileRef = E10CE9C328F4D0F7005E5626 /* AppDelegate.swift */; };
		E10CE9C628F4D0F7005E5626 /* SceneDelegate.swift in Sources */ = {isa = PBXBuildFile; fileRef = E10CE9C528F4D0F7005E5626 /* SceneDelegate.swift */; };
		E10CE9C828F4D0F7005E5626 /* MainVC.swift in Sources */ = {isa = PBXBuildFile; fileRef = E10CE9C728F4D0F7005E5626 /* MainVC.swift */; };
		E10CE9CB28F4D0F7005E5626 /* Main.storyboard in Resources */ = {isa = PBXBuildFile; fileRef = E10CE9C928F4D0F7005E5626 /* Main.storyboard */; };
		E10CE9CD28F4D0F9005E5626 /* Assets.xcassets in Resources */ = {isa = PBXBuildFile; fileRef = E10CE9CC28F4D0F9005E5626 /* Assets.xcassets */; };
		E10CE9D028F4D0F9005E5626 /* LaunchScreen.storyboard in Resources */ = {isa = PBXBuildFile; fileRef = E10CE9CE28F4D0F9005E5626 /* LaunchScreen.storyboard */; };
		E10CE9DD28F4D385005E5626 /* Instagram.storyboard in Resources */ = {isa = PBXBuildFile; fileRef = E10CE9DC28F4D385005E5626 /* Instagram.storyboard */; };
		E10CE9DF28F4D39E005E5626 /* Facebook.storyboard in Resources */ = {isa = PBXBuildFile; fileRef = E10CE9DE28F4D39E005E5626 /* Facebook.storyboard */; };
		E10CE9E128F4D3A8005E5626 /* Twitter.storyboard in Resources */ = {isa = PBXBuildFile; fileRef = E10CE9E028F4D3A8005E5626 /* Twitter.storyboard */; };
		E10CE9E328F4D3B1005E5626 /* Snapchat.storyboard in Resources */ = {isa = PBXBuildFile; fileRef = E10CE9E228F4D3B1005E5626 /* Snapchat.storyboard */; };
		E10CE9E528F4D3C0005E5626 /* Canva.storyboard in Resources */ = {isa = PBXBuildFile; fileRef = E10CE9E428F4D3C0005E5626 /* Canva.storyboard */; };
		E10CE9E728F4D3D5005E5626 /* Schoology.storyboard in Resources */ = {isa = PBXBuildFile; fileRef = E10CE9E628F4D3D5005E5626 /* Schoology.storyboard */; };
		E10CE9E928F4D3DF005E5626 /* Google.storyboard in Resources */ = {isa = PBXBuildFile; fileRef = E10CE9E828F4D3DF005E5626 /* Google.storyboard */; };
		E10CE9EB28F4D3E7005E5626 /* Apple.storyboard in Resources */ = {isa = PBXBuildFile; fileRef = E10CE9EA28F4D3E7005E5626 /* Apple.storyboard */; };
		E10CE9ED28F4D3F2005E5626 /* Blackboard.storyboard in Resources */ = {isa = PBXBuildFile; fileRef = E10CE9EC28F4D3F2005E5626 /* Blackboard.storyboard */; };
		E10CE9F228F4D4CA005E5626 /* MainTBC.swift in Sources */ = {isa = PBXBuildFile; fileRef = E10CE9F128F4D4CA005E5626 /* MainTBC.swift */; };
		E10CE9FD28F4D6EA005E5626 /* AppleVC.swift in Sources */ = {isa = PBXBuildFile; fileRef = E10CE9FC28F4D6EA005E5626 /* AppleVC.swift */; };
		E10CE9FF28F4D6F7005E5626 /* BlackboardVC.swift in Sources */ = {isa = PBXBuildFile; fileRef = E10CE9FE28F4D6F7005E5626 /* BlackboardVC.swift */; };
		E10CEA0128F4D702005E5626 /* CanvaVC.swift in Sources */ = {isa = PBXBuildFile; fileRef = E10CEA0028F4D702005E5626 /* CanvaVC.swift */; };
		E10CEA0328F4D711005E5626 /* FacebookVC.swift in Sources */ = {isa = PBXBuildFile; fileRef = E10CEA0228F4D711005E5626 /* FacebookVC.swift */; };
		E10CEA0528F4D71C005E5626 /* GoogleVC.swift in Sources */ = {isa = PBXBuildFile; fileRef = E10CEA0428F4D71C005E5626 /* GoogleVC.swift */; };
		E10CEA0728F4D728005E5626 /* InstagramVC.swift in Sources */ = {isa = PBXBuildFile; fileRef = E10CEA0628F4D728005E5626 /* InstagramVC.swift */; };
		E10CEA0928F4D734005E5626 /* SchoologyVC.swift in Sources */ = {isa = PBXBuildFile; fileRef = E10CEA0828F4D734005E5626 /* SchoologyVC.swift */; };
		E10CEA0B28F4D741005E5626 /* SnapchatVC.swift in Sources */ = {isa = PBXBuildFile; fileRef = E10CEA0A28F4D741005E5626 /* SnapchatVC.swift */; };
		E10CEA0D28F4D750005E5626 /* TwitterVC.swift in Sources */ = {isa = PBXBuildFile; fileRef = E10CEA0C28F4D750005E5626 /* TwitterVC.swift */; };
		E1E4B66128F4DDEF00E5EEED /* URLs.swift in Sources */ = {isa = PBXBuildFile; fileRef = E1E4B66028F4DDEF00E5EEED /* URLs.swift */; };
		E1E4B66428F4DE8000E5EEED /* NetworkManager.swift in Sources */ = {isa = PBXBuildFile; fileRef = E1E4B66328F4DE8000E5EEED /* NetworkManager.swift */; };
		E1E4B66628F4DE9500E5EEED /* RequestManager.swift in Sources */ = {isa = PBXBuildFile; fileRef = E1E4B66528F4DE9500E5EEED /* RequestManager.swift */; };
		E1E4B66828F4DEE000E5EEED /* APIManager.swift in Sources */ = {isa = PBXBuildFile; fileRef = E1E4B66728F4DEE000E5EEED /* APIManager.swift */; };
		E1E4B66B28F4E01300E5EEED /* StaticValues.swift in Sources */ = {isa = PBXBuildFile; fileRef = E1E4B66A28F4E01300E5EEED /* StaticValues.swift */; };
		E1E4B66D28F5892200E5EEED /* SupportFunctions.swift in Sources */ = {isa = PBXBuildFile; fileRef = E1E4B66C28F5892200E5EEED /* SupportFunctions.swift */; };
		E1E4B67028F58BAE00E5EEED /* LabelExtension.swift in Sources */ = {isa = PBXBuildFile; fileRef = E1E4B66F28F58BAE00E5EEED /* LabelExtension.swift */; };
		E1E4B67228F58C2800E5EEED /* TextFieldExtension.swift in Sources */ = {isa = PBXBuildFile; fileRef = E1E4B67128F58C2800E5EEED /* TextFieldExtension.swift */; };
		E1E4B67428F58C9F00E5EEED /* UIDeviceExtension.swift in Sources */ = {isa = PBXBuildFile; fileRef = E1E4B67328F58C9F00E5EEED /* UIDeviceExtension.swift */; };
		E1E4B67628F58D3500E5EEED /* UIViewControllerExtension.swift in Sources */ = {isa = PBXBuildFile; fileRef = E1E4B67528F58D3500E5EEED /* UIViewControllerExtension.swift */; };
		E1E4B67828F58E9300E5EEED /* StringExtension.swift in Sources */ = {isa = PBXBuildFile; fileRef = E1E4B67728F58E9300E5EEED /* StringExtension.swift */; };
		E1E4B67A28F5AD5700E5EEED /* UINavigationExtension.swift in Sources */ = {isa = PBXBuildFile; fileRef = E1E4B67928F5AD5700E5EEED /* UINavigationExtension.swift */; };
		FDEB87DDDAD7D2B37FF47F5A /* Pods_MultipleAuths.framework in Frameworks */ = {isa = PBXBuildFile; fileRef = BECD76B2599D976F033D4A58 /* Pods_MultipleAuths.framework */; };
/* End PBXBuildFile section */

/* Begin PBXFileReference section */
		BECD76B2599D976F033D4A58 /* Pods_MultipleAuths.framework */ = {isa = PBXFileReference; explicitFileType = wrapper.framework; includeInIndex = 0; path = Pods_MultipleAuths.framework; sourceTree = BUILT_PRODUCTS_DIR; };
		DB66062559E8979C217F4529 /* Pods-MultipleAuths.debug.xcconfig */ = {isa = PBXFileReference; includeInIndex = 1; lastKnownFileType = text.xcconfig; name = "Pods-MultipleAuths.debug.xcconfig"; path = "Target Support Files/Pods-MultipleAuths/Pods-MultipleAuths.debug.xcconfig"; sourceTree = "<group>"; };
		E10CE9C028F4D0F7005E5626 /* MultipleAuths.app */ = {isa = PBXFileReference; explicitFileType = wrapper.application; includeInIndex = 0; path = MultipleAuths.app; sourceTree = BUILT_PRODUCTS_DIR; };
		E10CE9C328F4D0F7005E5626 /* AppDelegate.swift */ = {isa = PBXFileReference; lastKnownFileType = sourcecode.swift; path = AppDelegate.swift; sourceTree = "<group>"; };
		E10CE9C528F4D0F7005E5626 /* SceneDelegate.swift */ = {isa = PBXFileReference; lastKnownFileType = sourcecode.swift; path = SceneDelegate.swift; sourceTree = "<group>"; };
		E10CE9C728F4D0F7005E5626 /* MainVC.swift */ = {isa = PBXFileReference; lastKnownFileType = sourcecode.swift; path = MainVC.swift; sourceTree = "<group>"; };
		E10CE9CA28F4D0F7005E5626 /* Base */ = {isa = PBXFileReference; lastKnownFileType = file.storyboard; name = Base; path = Base.lproj/Main.storyboard; sourceTree = "<group>"; };
		E10CE9CC28F4D0F9005E5626 /* Assets.xcassets */ = {isa = PBXFileReference; lastKnownFileType = folder.assetcatalog; path = Assets.xcassets; sourceTree = "<group>"; };
		E10CE9CF28F4D0F9005E5626 /* Base */ = {isa = PBXFileReference; lastKnownFileType = file.storyboard; name = Base; path = Base.lproj/LaunchScreen.storyboard; sourceTree = "<group>"; };
		E10CE9D128F4D0F9005E5626 /* Info.plist */ = {isa = PBXFileReference; lastKnownFileType = text.plist.xml; path = Info.plist; sourceTree = "<group>"; };
		E10CE9DC28F4D385005E5626 /* Instagram.storyboard */ = {isa = PBXFileReference; lastKnownFileType = file.storyboard; path = Instagram.storyboard; sourceTree = "<group>"; };
		E10CE9DE28F4D39E005E5626 /* Facebook.storyboard */ = {isa = PBXFileReference; lastKnownFileType = file.storyboard; path = Facebook.storyboard; sourceTree = "<group>"; };
		E10CE9E028F4D3A8005E5626 /* Twitter.storyboard */ = {isa = PBXFileReference; lastKnownFileType = file.storyboard; path = Twitter.storyboard; sourceTree = "<group>"; };
		E10CE9E228F4D3B1005E5626 /* Snapchat.storyboard */ = {isa = PBXFileReference; lastKnownFileType = file.storyboard; path = Snapchat.storyboard; sourceTree = "<group>"; };
		E10CE9E428F4D3C0005E5626 /* Canva.storyboard */ = {isa = PBXFileReference; lastKnownFileType = file.storyboard; path = Canva.storyboard; sourceTree = "<group>"; };
		E10CE9E628F4D3D5005E5626 /* Schoology.storyboard */ = {isa = PBXFileReference; lastKnownFileType = file.storyboard; path = Schoology.storyboard; sourceTree = "<group>"; };
		E10CE9E828F4D3DF005E5626 /* Google.storyboard */ = {isa = PBXFileReference; lastKnownFileType = file.storyboard; path = Google.storyboard; sourceTree = "<group>"; };
		E10CE9EA28F4D3E7005E5626 /* Apple.storyboard */ = {isa = PBXFileReference; lastKnownFileType = file.storyboard; path = Apple.storyboard; sourceTree = "<group>"; };
		E10CE9EC28F4D3F2005E5626 /* Blackboard.storyboard */ = {isa = PBXFileReference; lastKnownFileType = file.storyboard; path = Blackboard.storyboard; sourceTree = "<group>"; };
		E10CE9F128F4D4CA005E5626 /* MainTBC.swift */ = {isa = PBXFileReference; lastKnownFileType = sourcecode.swift; path = MainTBC.swift; sourceTree = "<group>"; };
		E10CE9FC28F4D6EA005E5626 /* AppleVC.swift */ = {isa = PBXFileReference; lastKnownFileType = sourcecode.swift; path = AppleVC.swift; sourceTree = "<group>"; };
		E10CE9FE28F4D6F7005E5626 /* BlackboardVC.swift */ = {isa = PBXFileReference; lastKnownFileType = sourcecode.swift; path = BlackboardVC.swift; sourceTree = "<group>"; };
		E10CEA0028F4D702005E5626 /* CanvaVC.swift */ = {isa = PBXFileReference; lastKnownFileType = sourcecode.swift; path = CanvaVC.swift; sourceTree = "<group>"; };
		E10CEA0228F4D711005E5626 /* FacebookVC.swift */ = {isa = PBXFileReference; lastKnownFileType = sourcecode.swift; path = FacebookVC.swift; sourceTree = "<group>"; };
		E10CEA0428F4D71C005E5626 /* GoogleVC.swift */ = {isa = PBXFileReference; lastKnownFileType = sourcecode.swift; path = GoogleVC.swift; sourceTree = "<group>"; };
		E10CEA0628F4D728005E5626 /* InstagramVC.swift */ = {isa = PBXFileReference; lastKnownFileType = sourcecode.swift; path = InstagramVC.swift; sourceTree = "<group>"; };
		E10CEA0828F4D734005E5626 /* SchoologyVC.swift */ = {isa = PBXFileReference; lastKnownFileType = sourcecode.swift; path = SchoologyVC.swift; sourceTree = "<group>"; };
		E10CEA0A28F4D741005E5626 /* SnapchatVC.swift */ = {isa = PBXFileReference; lastKnownFileType = sourcecode.swift; path = SnapchatVC.swift; sourceTree = "<group>"; };
		E10CEA0C28F4D750005E5626 /* TwitterVC.swift */ = {isa = PBXFileReference; lastKnownFileType = sourcecode.swift; path = TwitterVC.swift; sourceTree = "<group>"; };
		E1E4B66028F4DDEF00E5EEED /* URLs.swift */ = {isa = PBXFileReference; lastKnownFileType = sourcecode.swift; path = URLs.swift; sourceTree = "<group>"; };
		E1E4B66328F4DE8000E5EEED /* NetworkManager.swift */ = {isa = PBXFileReference; lastKnownFileType = sourcecode.swift; path = NetworkManager.swift; sourceTree = "<group>"; };
		E1E4B66528F4DE9500E5EEED /* RequestManager.swift */ = {isa = PBXFileReference; lastKnownFileType = sourcecode.swift; path = RequestManager.swift; sourceTree = "<group>"; };
		E1E4B66728F4DEE000E5EEED /* APIManager.swift */ = {isa = PBXFileReference; lastKnownFileType = sourcecode.swift; path = APIManager.swift; sourceTree = "<group>"; };
		E1E4B66A28F4E01300E5EEED /* StaticValues.swift */ = {isa = PBXFileReference; lastKnownFileType = sourcecode.swift; path = StaticValues.swift; sourceTree = "<group>"; };
		E1E4B66C28F5892200E5EEED /* SupportFunctions.swift */ = {isa = PBXFileReference; lastKnownFileType = sourcecode.swift; path = SupportFunctions.swift; sourceTree = "<group>"; };
		E1E4B66F28F58BAE00E5EEED /* LabelExtension.swift */ = {isa = PBXFileReference; lastKnownFileType = sourcecode.swift; path = LabelExtension.swift; sourceTree = "<group>"; };
		E1E4B67128F58C2800E5EEED /* TextFieldExtension.swift */ = {isa = PBXFileReference; lastKnownFileType = sourcecode.swift; path = TextFieldExtension.swift; sourceTree = "<group>"; };
		E1E4B67328F58C9F00E5EEED /* UIDeviceExtension.swift */ = {isa = PBXFileReference; lastKnownFileType = sourcecode.swift; path = UIDeviceExtension.swift; sourceTree = "<group>"; };
		E1E4B67528F58D3500E5EEED /* UIViewControllerExtension.swift */ = {isa = PBXFileReference; lastKnownFileType = sourcecode.swift; path = UIViewControllerExtension.swift; sourceTree = "<group>"; };
		E1E4B67728F58E9300E5EEED /* StringExtension.swift */ = {isa = PBXFileReference; lastKnownFileType = sourcecode.swift; path = StringExtension.swift; sourceTree = "<group>"; };
		E1E4B67928F5AD5700E5EEED /* UINavigationExtension.swift */ = {isa = PBXFileReference; lastKnownFileType = sourcecode.swift; path = UINavigationExtension.swift; sourceTree = "<group>"; };
		F499598B181D029C42BDBFFC /* Pods-MultipleAuths.release.xcconfig */ = {isa = PBXFileReference; includeInIndex = 1; lastKnownFileType = text.xcconfig; name = "Pods-MultipleAuths.release.xcconfig"; path = "Target Support Files/Pods-MultipleAuths/Pods-MultipleAuths.release.xcconfig"; sourceTree = "<group>"; };
/* End PBXFileReference section */

/* Begin PBXFrameworksBuildPhase section */
		E10CE9BD28F4D0F7005E5626 /* Frameworks */ = {
			isa = PBXFrameworksBuildPhase;
			buildActionMask = 2147483647;
			files = (
				FDEB87DDDAD7D2B37FF47F5A /* Pods_MultipleAuths.framework in Frameworks */,
			);
			runOnlyForDeploymentPostprocessing = 0;
		};
/* End PBXFrameworksBuildPhase section */

/* Begin PBXGroup section */
		6371724114DC486480CCC057 /* Pods */ = {
			isa = PBXGroup;
			children = (
				DB66062559E8979C217F4529 /* Pods-MultipleAuths.debug.xcconfig */,
				F499598B181D029C42BDBFFC /* Pods-MultipleAuths.release.xcconfig */,
			);
			path = Pods;
			sourceTree = "<group>";
		};
		72733CDE5F7D38603E731DC1 /* Frameworks */ = {
			isa = PBXGroup;
			children = (
				BECD76B2599D976F033D4A58 /* Pods_MultipleAuths.framework */,
			);
			name = Frameworks;
			sourceTree = "<group>";
		};
		E10CE9B728F4D0F7005E5626 = {
			isa = PBXGroup;
			children = (
				E1E4B66E28F58BA000E5EEED /* Extensions */,
				E1E4B66928F4DF2E00E5EEED /* Helpers */,
				E1E4B66228F4DDF800E5EEED /* Models */,
				E1E4B65F28F4DDD100E5EEED /* Network */,
				E10CE9DB28F4D2AC005E5626 /* Controllers */,
				E10CE9DA28F4D29E005E5626 /* StoryBoards */,
				E10CE9D828F4D23A005E5626 /* Assets */,
				E10CE9D728F4D225005E5626 /* Important */,
				E10CE9C228F4D0F7005E5626 /* MultipleAuths */,
				E10CE9C128F4D0F7005E5626 /* Products */,
				6371724114DC486480CCC057 /* Pods */,
				72733CDE5F7D38603E731DC1 /* Frameworks */,
			);
			sourceTree = "<group>";
		};
		E10CE9C128F4D0F7005E5626 /* Products */ = {
			isa = PBXGroup;
			children = (
				E10CE9C028F4D0F7005E5626 /* MultipleAuths.app */,
			);
			name = Products;
			sourceTree = "<group>";
		};
		E10CE9C228F4D0F7005E5626 /* MultipleAuths */ = {
			isa = PBXGroup;
			children = (
			);
			path = MultipleAuths;
			sourceTree = "<group>";
		};
		E10CE9D728F4D225005E5626 /* Important */ = {
			isa = PBXGroup;
			children = (
				E10CE9C328F4D0F7005E5626 /* AppDelegate.swift */,
				E10CE9C528F4D0F7005E5626 /* SceneDelegate.swift */,
				E10CE9D128F4D0F9005E5626 /* Info.plist */,
			);
			path = Important;
			sourceTree = "<group>";
		};
		E10CE9D828F4D23A005E5626 /* Assets */ = {
			isa = PBXGroup;
			children = (
				E10CE9D928F4D259005E5626 /* Images */,
			);
			path = Assets;
			sourceTree = "<group>";
		};
		E10CE9D928F4D259005E5626 /* Images */ = {
			isa = PBXGroup;
			children = (
				E10CE9CC28F4D0F9005E5626 /* Assets.xcassets */,
			);
			path = Images;
			sourceTree = "<group>";
		};
		E10CE9DA28F4D29E005E5626 /* StoryBoards */ = {
			isa = PBXGroup;
			children = (
				E10CE9C928F4D0F7005E5626 /* Main.storyboard */,
				E10CE9CE28F4D0F9005E5626 /* LaunchScreen.storyboard */,
				E10CE9EA28F4D3E7005E5626 /* Apple.storyboard */,
				E10CE9EC28F4D3F2005E5626 /* Blackboard.storyboard */,
				E10CE9E428F4D3C0005E5626 /* Canva.storyboard */,
				E10CE9DE28F4D39E005E5626 /* Facebook.storyboard */,
				E10CE9E828F4D3DF005E5626 /* Google.storyboard */,
				E10CE9DC28F4D385005E5626 /* Instagram.storyboard */,
				E10CE9E628F4D3D5005E5626 /* Schoology.storyboard */,
				E10CE9E228F4D3B1005E5626 /* Snapchat.storyboard */,
				E10CE9E028F4D3A8005E5626 /* Twitter.storyboard */,
			);
			path = StoryBoards;
			sourceTree = "<group>";
		};
		E10CE9DB28F4D2AC005E5626 /* Controllers */ = {
			isa = PBXGroup;
			children = (
				E10CE9F328F4D5FC005E5626 /* Apple */,
				E10CE9FB28F4D681005E5626 /* Blackboard */,
				E10CE9F428F4D604005E5626 /* Canva */,
				E10CE9FA28F4D654005E5626 /* Facebook */,
				E10CE9F928F4D644005E5626 /* Google */,
				E10CE9F828F4D63E005E5626 /* Instagram */,
				E10CE9F728F4D62E005E5626 /* Schoology */,
				E10CE9F628F4D622005E5626 /* Snapchat */,
				E10CE9F528F4D61C005E5626 /* Twitter */,
				E10CE9EE28F4D48B005E5626 /* MainBoard */,
			);
			path = Controllers;
			sourceTree = "<group>";
		};
		E10CE9EE28F4D48B005E5626 /* MainBoard */ = {
			isa = PBXGroup;
			children = (
				E10CE9C728F4D0F7005E5626 /* MainVC.swift */,
				E10CE9F128F4D4CA005E5626 /* MainTBC.swift */,
			);
			path = MainBoard;
			sourceTree = "<group>";
		};
		E10CE9F328F4D5FC005E5626 /* Apple */ = {
			isa = PBXGroup;
			children = (
				E10CE9FC28F4D6EA005E5626 /* AppleVC.swift */,
			);
			path = Apple;
			sourceTree = "<group>";
		};
		E10CE9F428F4D604005E5626 /* Canva */ = {
			isa = PBXGroup;
			children = (
				E10CEA0028F4D702005E5626 /* CanvaVC.swift */,
			);
			path = Canva;
			sourceTree = "<group>";
		};
		E10CE9F528F4D61C005E5626 /* Twitter */ = {
			isa = PBXGroup;
			children = (
				E10CEA0C28F4D750005E5626 /* TwitterVC.swift */,
			);
			path = Twitter;
			sourceTree = "<group>";
		};
		E10CE9F628F4D622005E5626 /* Snapchat */ = {
			isa = PBXGroup;
			children = (
				E10CEA0A28F4D741005E5626 /* SnapchatVC.swift */,
			);
			path = Snapchat;
			sourceTree = "<group>";
		};
		E10CE9F728F4D62E005E5626 /* Schoology */ = {
			isa = PBXGroup;
			children = (
				E10CEA0828F4D734005E5626 /* SchoologyVC.swift */,
			);
			path = Schoology;
			sourceTree = "<group>";
		};
		E10CE9F828F4D63E005E5626 /* Instagram */ = {
			isa = PBXGroup;
			children = (
				E10CEA0628F4D728005E5626 /* InstagramVC.swift */,
			);
			path = Instagram;
			sourceTree = "<group>";
		};
		E10CE9F928F4D644005E5626 /* Google */ = {
			isa = PBXGroup;
			children = (
				E10CEA0428F4D71C005E5626 /* GoogleVC.swift */,
			);
			path = Google;
			sourceTree = "<group>";
		};
		E10CE9FA28F4D654005E5626 /* Facebook */ = {
			isa = PBXGroup;
			children = (
				E10CEA0228F4D711005E5626 /* FacebookVC.swift */,
			);
			path = Facebook;
			sourceTree = "<group>";
		};
		E10CE9FB28F4D681005E5626 /* Blackboard */ = {
			isa = PBXGroup;
			children = (
				E10CE9FE28F4D6F7005E5626 /* BlackboardVC.swift */,
			);
			path = Blackboard;
			sourceTree = "<group>";
		};
		E1E4B65F28F4DDD100E5EEED /* Network */ = {
			isa = PBXGroup;
			children = (
				E1E4B66028F4DDEF00E5EEED /* URLs.swift */,
				E1E4B66328F4DE8000E5EEED /* NetworkManager.swift */,
				E1E4B66528F4DE9500E5EEED /* RequestManager.swift */,
				E1E4B66728F4DEE000E5EEED /* APIManager.swift */,
			);
			path = Network;
			sourceTree = "<group>";
		};
		E1E4B66228F4DDF800E5EEED /* Models */ = {
			isa = PBXGroup;
			children = (
			);
			path = Models;
			sourceTree = "<group>";
		};
		E1E4B66928F4DF2E00E5EEED /* Helpers */ = {
			isa = PBXGroup;
			children = (
				E1E4B66A28F4E01300E5EEED /* StaticValues.swift */,
				E1E4B66C28F5892200E5EEED /* SupportFunctions.swift */,
			);
			path = Helpers;
			sourceTree = "<group>";
		};
		E1E4B66E28F58BA000E5EEED /* Extensions */ = {
			isa = PBXGroup;
			children = (
				E1E4B66F28F58BAE00E5EEED /* LabelExtension.swift */,
				E1E4B67128F58C2800E5EEED /* TextFieldExtension.swift */,
				E1E4B67328F58C9F00E5EEED /* UIDeviceExtension.swift */,
				E1E4B67528F58D3500E5EEED /* UIViewControllerExtension.swift */,
				E1E4B67728F58E9300E5EEED /* StringExtension.swift */,
				E1E4B67928F5AD5700E5EEED /* UINavigationExtension.swift */,
			);
			path = Extensions;
			sourceTree = "<group>";
		};
/* End PBXGroup section */

/* Begin PBXNativeTarget section */
		E10CE9BF28F4D0F7005E5626 /* MultipleAuths */ = {
			isa = PBXNativeTarget;
			buildConfigurationList = E10CE9D428F4D0F9005E5626 /* Build configuration list for PBXNativeTarget "MultipleAuths" */;
			buildPhases = (
				951C58034A127B30FBF18CE4 /* [CP] Check Pods Manifest.lock */,
				E10CE9BC28F4D0F7005E5626 /* Sources */,
				E10CE9BD28F4D0F7005E5626 /* Frameworks */,
				E10CE9BE28F4D0F7005E5626 /* Resources */,
				8B895DD010B4F0C1323C1060 /* [CP] Embed Pods Frameworks */,
			);
			buildRules = (
			);
			dependencies = (
			);
			name = MultipleAuths;
			productName = MultipleAuths;
			productReference = E10CE9C028F4D0F7005E5626 /* MultipleAuths.app */;
			productType = "com.apple.product-type.application";
		};
/* End PBXNativeTarget section */

/* Begin PBXProject section */
		E10CE9B828F4D0F7005E5626 /* Project object */ = {
			isa = PBXProject;
			attributes = {
				BuildIndependentTargetsInParallel = 1;
				LastSwiftUpdateCheck = 1340;
				LastUpgradeCheck = 1340;
				TargetAttributes = {
					E10CE9BF28F4D0F7005E5626 = {
						CreatedOnToolsVersion = 13.4;
					};
				};
			};
			buildConfigurationList = E10CE9BB28F4D0F7005E5626 /* Build configuration list for PBXProject "MultipleAuths" */;
			compatibilityVersion = "Xcode 13.0";
			developmentRegion = en;
			hasScannedForEncodings = 0;
			knownRegions = (
				en,
				Base,
			);
			mainGroup = E10CE9B728F4D0F7005E5626;
			productRefGroup = E10CE9C128F4D0F7005E5626 /* Products */;
			projectDirPath = "";
			projectRoot = "";
			targets = (
				E10CE9BF28F4D0F7005E5626 /* MultipleAuths */,
			);
		};
/* End PBXProject section */

/* Begin PBXResourcesBuildPhase section */
		E10CE9BE28F4D0F7005E5626 /* Resources */ = {
			isa = PBXResourcesBuildPhase;
			buildActionMask = 2147483647;
			files = (
				E10CE9E528F4D3C0005E5626 /* Canva.storyboard in Resources */,
				E10CE9E128F4D3A8005E5626 /* Twitter.storyboard in Resources */,
				E10CE9E728F4D3D5005E5626 /* Schoology.storyboard in Resources */,
				E10CE9E928F4D3DF005E5626 /* Google.storyboard in Resources */,
				E10CE9D028F4D0F9005E5626 /* LaunchScreen.storyboard in Resources */,
				E10CE9DF28F4D39E005E5626 /* Facebook.storyboard in Resources */,
				E10CE9EB28F4D3E7005E5626 /* Apple.storyboard in Resources */,
				E10CE9E328F4D3B1005E5626 /* Snapchat.storyboard in Resources */,
				E10CE9DD28F4D385005E5626 /* Instagram.storyboard in Resources */,
				E10CE9ED28F4D3F2005E5626 /* Blackboard.storyboard in Resources */,
				E10CE9CD28F4D0F9005E5626 /* Assets.xcassets in Resources */,
				E10CE9CB28F4D0F7005E5626 /* Main.storyboard in Resources */,
			);
			runOnlyForDeploymentPostprocessing = 0;
		};
/* End PBXResourcesBuildPhase section */

/* Begin PBXShellScriptBuildPhase section */
		8B895DD010B4F0C1323C1060 /* [CP] Embed Pods Frameworks */ = {
			isa = PBXShellScriptBuildPhase;
			buildActionMask = 2147483647;
			files = (
			);
			inputFileListPaths = (
				"${PODS_ROOT}/Target Support Files/Pods-MultipleAuths/Pods-MultipleAuths-frameworks-${CONFIGURATION}-input-files.xcfilelist",
			);
			name = "[CP] Embed Pods Frameworks";
			outputFileListPaths = (
				"${PODS_ROOT}/Target Support Files/Pods-MultipleAuths/Pods-MultipleAuths-frameworks-${CONFIGURATION}-output-files.xcfilelist",
			);
			runOnlyForDeploymentPostprocessing = 0;
			shellPath = /bin/sh;
			shellScript = "\"${PODS_ROOT}/Target Support Files/Pods-MultipleAuths/Pods-MultipleAuths-frameworks.sh\"\n";
			showEnvVarsInLog = 0;
		};
		951C58034A127B30FBF18CE4 /* [CP] Check Pods Manifest.lock */ = {
			isa = PBXShellScriptBuildPhase;
			buildActionMask = 2147483647;
			files = (
			);
			inputFileListPaths = (
			);
			inputPaths = (
				"${PODS_PODFILE_DIR_PATH}/Podfile.lock",
				"${PODS_ROOT}/Manifest.lock",
			);
			name = "[CP] Check Pods Manifest.lock";
			outputFileListPaths = (
			);
			outputPaths = (
				"$(DERIVED_FILE_DIR)/Pods-MultipleAuths-checkManifestLockResult.txt",
			);
			runOnlyForDeploymentPostprocessing = 0;
			shellPath = /bin/sh;
			shellScript = "diff \"${PODS_PODFILE_DIR_PATH}/Podfile.lock\" \"${PODS_ROOT}/Manifest.lock\" > /dev/null\nif [ $? != 0 ] ; then\n    # print error to STDERR\n    echo \"error: The sandbox is not in sync with the Podfile.lock. Run 'pod install' or update your CocoaPods installation.\" >&2\n    exit 1\nfi\n# This output is used by Xcode 'outputs' to avoid re-running this script phase.\necho \"SUCCESS\" > \"${SCRIPT_OUTPUT_FILE_0}\"\n";
			showEnvVarsInLog = 0;
		};
/* End PBXShellScriptBuildPhase section */

/* Begin PBXSourcesBuildPhase section */
		E10CE9BC28F4D0F7005E5626 /* Sources */ = {
			isa = PBXSourcesBuildPhase;
			buildActionMask = 2147483647;
			files = (
				E10CE9C828F4D0F7005E5626 /* MainVC.swift in Sources */,
				E10CEA0728F4D728005E5626 /* InstagramVC.swift in Sources */,
				E10CE9FF28F4D6F7005E5626 /* BlackboardVC.swift in Sources */,
				E1E4B67228F58C2800E5EEED /* TextFieldExtension.swift in Sources */,
				E1E4B66628F4DE9500E5EEED /* RequestManager.swift in Sources */,
				E1E4B66128F4DDEF00E5EEED /* URLs.swift in Sources */,
				E10CE9C428F4D0F7005E5626 /* AppDelegate.swift in Sources */,
				E1E4B67628F58D3500E5EEED /* UIViewControllerExtension.swift in Sources */,
				E10CE9FD28F4D6EA005E5626 /* AppleVC.swift in Sources */,
				E10CEA0128F4D702005E5626 /* CanvaVC.swift in Sources */,
				E1E4B66D28F5892200E5EEED /* SupportFunctions.swift in Sources */,
				E10CEA0B28F4D741005E5626 /* SnapchatVC.swift in Sources */,
				E10CE9F228F4D4CA005E5626 /* MainTBC.swift in Sources */,
				E10CEA0D28F4D750005E5626 /* TwitterVC.swift in Sources */,
				E10CEA0328F4D711005E5626 /* FacebookVC.swift in Sources */,
				E10CE9C628F4D0F7005E5626 /* SceneDelegate.swift in Sources */,
				E1E4B66428F4DE8000E5EEED /* NetworkManager.swift in Sources */,
				E1E4B67A28F5AD5700E5EEED /* UINavigationExtension.swift in Sources */,
				E1E4B66828F4DEE000E5EEED /* APIManager.swift in Sources */,
				E1E4B67428F58C9F00E5EEED /* UIDeviceExtension.swift in Sources */,
				E1E4B67028F58BAE00E5EEED /* LabelExtension.swift in Sources */,
				E1E4B67828F58E9300E5EEED /* StringExtension.swift in Sources */,
				E1E4B66B28F4E01300E5EEED /* StaticValues.swift in Sources */,
				E10CEA0928F4D734005E5626 /* SchoologyVC.swift in Sources */,
				E10CEA0528F4D71C005E5626 /* GoogleVC.swift in Sources */,
			);
			runOnlyForDeploymentPostprocessing = 0;
		};
/* End PBXSourcesBuildPhase section */

/* Begin PBXVariantGroup section */
		E10CE9C928F4D0F7005E5626 /* Main.storyboard */ = {
			isa = PBXVariantGroup;
			children = (
				E10CE9CA28F4D0F7005E5626 /* Base */,
			);
			name = Main.storyboard;
			sourceTree = "<group>";
		};
		E10CE9CE28F4D0F9005E5626 /* LaunchScreen.storyboard */ = {
			isa = PBXVariantGroup;
			children = (
				E10CE9CF28F4D0F9005E5626 /* Base */,
			);
			name = LaunchScreen.storyboard;
			sourceTree = "<group>";
		};
/* End PBXVariantGroup section */

/* Begin XCBuildConfiguration section */
		E10CE9D228F4D0F9005E5626 /* Debug */ = {
			isa = XCBuildConfiguration;
			buildSettings = {
				ALWAYS_SEARCH_USER_PATHS = NO;
				CLANG_ANALYZER_NONNULL = YES;
				CLANG_ANALYZER_NUMBER_OBJECT_CONVERSION = YES_AGGRESSIVE;
				CLANG_CXX_LANGUAGE_STANDARD = "gnu++17";
				CLANG_ENABLE_MODULES = YES;
				CLANG_ENABLE_OBJC_ARC = YES;
				CLANG_ENABLE_OBJC_WEAK = YES;
				CLANG_WARN_BLOCK_CAPTURE_AUTORELEASING = YES;
				CLANG_WARN_BOOL_CONVERSION = YES;
				CLANG_WARN_COMMA = YES;
				CLANG_WARN_CONSTANT_CONVERSION = YES;
				CLANG_WARN_DEPRECATED_OBJC_IMPLEMENTATIONS = YES;
				CLANG_WARN_DIRECT_OBJC_ISA_USAGE = YES_ERROR;
				CLANG_WARN_DOCUMENTATION_COMMENTS = YES;
				CLANG_WARN_EMPTY_BODY = YES;
				CLANG_WARN_ENUM_CONVERSION = YES;
				CLANG_WARN_INFINITE_RECURSION = YES;
				CLANG_WARN_INT_CONVERSION = YES;
				CLANG_WARN_NON_LITERAL_NULL_CONVERSION = YES;
				CLANG_WARN_OBJC_IMPLICIT_RETAIN_SELF = YES;
				CLANG_WARN_OBJC_LITERAL_CONVERSION = YES;
				CLANG_WARN_OBJC_ROOT_CLASS = YES_ERROR;
				CLANG_WARN_QUOTED_INCLUDE_IN_FRAMEWORK_HEADER = YES;
				CLANG_WARN_RANGE_LOOP_ANALYSIS = YES;
				CLANG_WARN_STRICT_PROTOTYPES = YES;
				CLANG_WARN_SUSPICIOUS_MOVE = YES;
				CLANG_WARN_UNGUARDED_AVAILABILITY = YES_AGGRESSIVE;
				CLANG_WARN_UNREACHABLE_CODE = YES;
				CLANG_WARN__DUPLICATE_METHOD_MATCH = YES;
				COPY_PHASE_STRIP = NO;
				DEBUG_INFORMATION_FORMAT = dwarf;
				ENABLE_STRICT_OBJC_MSGSEND = YES;
				ENABLE_TESTABILITY = YES;
				GCC_C_LANGUAGE_STANDARD = gnu11;
				GCC_DYNAMIC_NO_PIC = NO;
				GCC_NO_COMMON_BLOCKS = YES;
				GCC_OPTIMIZATION_LEVEL = 0;
				GCC_PREPROCESSOR_DEFINITIONS = (
					"DEBUG=1",
					"$(inherited)",
				);
				GCC_WARN_64_TO_32_BIT_CONVERSION = YES;
				GCC_WARN_ABOUT_RETURN_TYPE = YES_ERROR;
				GCC_WARN_UNDECLARED_SELECTOR = YES;
				GCC_WARN_UNINITIALIZED_AUTOS = YES_AGGRESSIVE;
				GCC_WARN_UNUSED_FUNCTION = YES;
				GCC_WARN_UNUSED_VARIABLE = YES;
				IPHONEOS_DEPLOYMENT_TARGET = 15.5;
				MTL_ENABLE_DEBUG_INFO = INCLUDE_SOURCE;
				MTL_FAST_MATH = YES;
				ONLY_ACTIVE_ARCH = YES;
				SDKROOT = iphoneos;
				SWIFT_ACTIVE_COMPILATION_CONDITIONS = DEBUG;
				SWIFT_OPTIMIZATION_LEVEL = "-Onone";
			};
			name = Debug;
		};
		E10CE9D328F4D0F9005E5626 /* Release */ = {
			isa = XCBuildConfiguration;
			buildSettings = {
				ALWAYS_SEARCH_USER_PATHS = NO;
				CLANG_ANALYZER_NONNULL = YES;
				CLANG_ANALYZER_NUMBER_OBJECT_CONVERSION = YES_AGGRESSIVE;
				CLANG_CXX_LANGUAGE_STANDARD = "gnu++17";
				CLANG_ENABLE_MODULES = YES;
				CLANG_ENABLE_OBJC_ARC = YES;
				CLANG_ENABLE_OBJC_WEAK = YES;
				CLANG_WARN_BLOCK_CAPTURE_AUTORELEASING = YES;
				CLANG_WARN_BOOL_CONVERSION = YES;
				CLANG_WARN_COMMA = YES;
				CLANG_WARN_CONSTANT_CONVERSION = YES;
				CLANG_WARN_DEPRECATED_OBJC_IMPLEMENTATIONS = YES;
				CLANG_WARN_DIRECT_OBJC_ISA_USAGE = YES_ERROR;
				CLANG_WARN_DOCUMENTATION_COMMENTS = YES;
				CLANG_WARN_EMPTY_BODY = YES;
				CLANG_WARN_ENUM_CONVERSION = YES;
				CLANG_WARN_INFINITE_RECURSION = YES;
				CLANG_WARN_INT_CONVERSION = YES;
				CLANG_WARN_NON_LITERAL_NULL_CONVERSION = YES;
				CLANG_WARN_OBJC_IMPLICIT_RETAIN_SELF = YES;
				CLANG_WARN_OBJC_LITERAL_CONVERSION = YES;
				CLANG_WARN_OBJC_ROOT_CLASS = YES_ERROR;
				CLANG_WARN_QUOTED_INCLUDE_IN_FRAMEWORK_HEADER = YES;
				CLANG_WARN_RANGE_LOOP_ANALYSIS = YES;
				CLANG_WARN_STRICT_PROTOTYPES = YES;
				CLANG_WARN_SUSPICIOUS_MOVE = YES;
				CLANG_WARN_UNGUARDED_AVAILABILITY = YES_AGGRESSIVE;
				CLANG_WARN_UNREACHABLE_CODE = YES;
				CLANG_WARN__DUPLICATE_METHOD_MATCH = YES;
				COPY_PHASE_STRIP = NO;
				DEBUG_INFORMATION_FORMAT = "dwarf-with-dsym";
				ENABLE_NS_ASSERTIONS = NO;
				ENABLE_STRICT_OBJC_MSGSEND = YES;
				GCC_C_LANGUAGE_STANDARD = gnu11;
				GCC_NO_COMMON_BLOCKS = YES;
				GCC_WARN_64_TO_32_BIT_CONVERSION = YES;
				GCC_WARN_ABOUT_RETURN_TYPE = YES_ERROR;
				GCC_WARN_UNDECLARED_SELECTOR = YES;
				GCC_WARN_UNINITIALIZED_AUTOS = YES_AGGRESSIVE;
				GCC_WARN_UNUSED_FUNCTION = YES;
				GCC_WARN_UNUSED_VARIABLE = YES;
				IPHONEOS_DEPLOYMENT_TARGET = 15.5;
				MTL_ENABLE_DEBUG_INFO = NO;
				MTL_FAST_MATH = YES;
				SDKROOT = iphoneos;
				SWIFT_COMPILATION_MODE = wholemodule;
				SWIFT_OPTIMIZATION_LEVEL = "-O";
				VALIDATE_PRODUCT = YES;
			};
			name = Release;
		};
		E10CE9D528F4D0F9005E5626 /* Debug */ = {
			isa = XCBuildConfiguration;
			baseConfigurationReference = DB66062559E8979C217F4529 /* Pods-MultipleAuths.debug.xcconfig */;
			buildSettings = {
				ASSETCATALOG_COMPILER_APPICON_NAME = AppIcon;
				ASSETCATALOG_COMPILER_GLOBAL_ACCENT_COLOR_NAME = AccentColor;
				CODE_SIGN_STYLE = Automatic;
				CURRENT_PROJECT_VERSION = 1;
				DEVELOPMENT_TEAM = 3FRZ4833T9;
				GENERATE_INFOPLIST_FILE = YES;
				INFOPLIST_FILE = Important/Info.plist;
				INFOPLIST_KEY_UIApplicationSupportsIndirectInputEvents = YES;
				INFOPLIST_KEY_UILaunchStoryboardName = LaunchScreen;
				INFOPLIST_KEY_UIMainStoryboardFile = Main;
				INFOPLIST_KEY_UISupportedInterfaceOrientations_iPad = "UIInterfaceOrientationPortrait UIInterfaceOrientationPortraitUpsideDown UIInterfaceOrientationLandscapeLeft UIInterfaceOrientationLandscapeRight";
				INFOPLIST_KEY_UISupportedInterfaceOrientations_iPhone = "UIInterfaceOrientationPortrait UIInterfaceOrientationLandscapeLeft UIInterfaceOrientationLandscapeRight";
				LD_RUNPATH_SEARCH_PATHS = (
					"$(inherited)",
					"@executable_path/Frameworks",
				);
				MARKETING_VERSION = 1.0;
				PRODUCT_BUNDLE_IDENTIFIER = FahadSaleem.MultipleAuths;
				PRODUCT_NAME = "$(TARGET_NAME)";
				SWIFT_EMIT_LOC_STRINGS = YES;
				SWIFT_VERSION = 5.0;
				TARGETED_DEVICE_FAMILY = "1,2";
			};
			name = Debug;
		};
		E10CE9D628F4D0F9005E5626 /* Release */ = {
			isa = XCBuildConfiguration;
			baseConfigurationReference = F499598B181D029C42BDBFFC /* Pods-MultipleAuths.release.xcconfig */;
			buildSettings = {
				ASSETCATALOG_COMPILER_APPICON_NAME = AppIcon;
				ASSETCATALOG_COMPILER_GLOBAL_ACCENT_COLOR_NAME = AccentColor;
				CODE_SIGN_STYLE = Automatic;
				CURRENT_PROJECT_VERSION = 1;
				DEVELOPMENT_TEAM = 3FRZ4833T9;
				GENERATE_INFOPLIST_FILE = YES;
				INFOPLIST_FILE = Important/Info.plist;
				INFOPLIST_KEY_UIApplicationSupportsIndirectInputEvents = YES;
				INFOPLIST_KEY_UILaunchStoryboardName = LaunchScreen;
				INFOPLIST_KEY_UIMainStoryboardFile = Main;
				INFOPLIST_KEY_UISupportedInterfaceOrientations_iPad = "UIInterfaceOrientationPortrait UIInterfaceOrientationPortraitUpsideDown UIInterfaceOrientationLandscapeLeft UIInterfaceOrientationLandscapeRight";
				INFOPLIST_KEY_UISupportedInterfaceOrientations_iPhone = "UIInterfaceOrientationPortrait UIInterfaceOrientationLandscapeLeft UIInterfaceOrientationLandscapeRight";
				LD_RUNPATH_SEARCH_PATHS = (
					"$(inherited)",
					"@executable_path/Frameworks",
				);
				MARKETING_VERSION = 1.0;
				PRODUCT_BUNDLE_IDENTIFIER = FahadSaleem.MultipleAuths;
				PRODUCT_NAME = "$(TARGET_NAME)";
				SWIFT_EMIT_LOC_STRINGS = YES;
				SWIFT_VERSION = 5.0;
				TARGETED_DEVICE_FAMILY = "1,2";
			};
			name = Release;
		};
/* End XCBuildConfiguration section */

/* Begin XCConfigurationList section */
		E10CE9BB28F4D0F7005E5626 /* Build configuration list for PBXProject "MultipleAuths" */ = {
			isa = XCConfigurationList;
			buildConfigurations = (
				E10CE9D228F4D0F9005E5626 /* Debug */,
				E10CE9D328F4D0F9005E5626 /* Release */,
			);
			defaultConfigurationIsVisible = 0;
			defaultConfigurationName = Release;
		};
		E10CE9D428F4D0F9005E5626 /* Build configuration list for PBXNativeTarget "MultipleAuths" */ = {
			isa = XCConfigurationList;
			buildConfigurations = (
				E10CE9D528F4D0F9005E5626 /* Debug */,
				E10CE9D628F4D0F9005E5626 /* Release */,
			);
			defaultConfigurationIsVisible = 0;
			defaultConfigurationName = Release;
		};
/* End XCConfigurationList section */
	};
	rootObject = E10CE9B828F4D0F7005E5626 /* Project object */;
}
